
Microsoft Visual Studio Solution File, Format Version 12.00
# Visual Studio Version 17
VisualStudioVersion = 17.5.33530.505
MinimumVisualStudioVersion = 10.0.40219.1
Project("{FAE04EC0-301F-11D3-BF4B-00C04F79EFBC}") = "KuberDemo", "KuberDemo.csproj", "{D6C26335-83B6-4885-805E-1D629B797F25}"
EndProject
Global
	GlobalSection(SolutionConfigurationPlatforms) = preSolution
		Debug|Any CPU = Debug|Any CPU
		Release|Any CPU = Release|Any CPU
	EndGlobalSection
	GlobalSection(ProjectConfigurationPlatforms) = postSolution
		{D6C26335-83B6-4885-805E-1D629B797F25}.Debug|Any CPU.ActiveCfg = Debug|Any CPU
		{D6C26335-83B6-4885-805E-1D629B797F25}.Debug|Any CPU.Build.0 = Debug|Any CPU
		{D6C26335-83B6-4885-805E-1D629B797F25}.Release|Any CPU.ActiveCfg = Release|Any CPU
		{D6C26335-83B6-4885-805E-1D629B797F25}.Release|Any CPU.Build.0 = Release|Any CPU
	EndGlobalSection
	GlobalSection(SolutionProperties) = preSolution
		HideSolutionNode = FALSE
	EndGlobalSection
	GlobalSection(ExtensibilityGlobals) = postSolution
		SolutionGuid = {E4C705E9-FFAE-41CE-9EEF-5E24A2C7C1A9}
	EndGlobalSection
EndGlobal
